
Microsoft Visual Studio Solution File, Format Version 12.00
# Visual Studio 15
VisualStudioVersion = 15.0.28307.271
MinimumVisualStudioVersion = 10.0.40219.1
Project("{FAE04EC0-301F-11D3-BF4B-00C04F79EFBC}") = "ErdemYeniWeb", "ErdemYeniWeb\ErdemYeniWeb.csproj", "{51457506-87DF-49EC-9BE1-A874096825A6}"
EndProject
Global
	GlobalSection(SolutionConfigurationPlatforms) = preSolution
		Debug|Any CPU = Debug|Any CPU
		Release|Any CPU = Release|Any CPU
	EndGlobalSection
	GlobalSection(ProjectConfigurationPlatforms) = postSolution
		{51457506-87DF-49EC-9BE1-A874096825A6}.Debug|Any CPU.ActiveCfg = Debug|Any CPU
		{51457506-87DF-49EC-9BE1-A874096825A6}.Debug|Any CPU.Build.0 = Debug|Any CPU
		{51457506-87DF-49EC-9BE1-A874096825A6}.Release|Any CPU.ActiveCfg = Release|Any CPU
		{51457506-87DF-49EC-9BE1-A874096825A6}.Release|Any CPU.Build.0 = Release|Any CPU
	EndGlobalSection
	GlobalSection(SolutionProperties) = preSolution
		HideSolutionNode = FALSE
	EndGlobalSection
	GlobalSection(ExtensibilityGlobals) = postSolution
		SolutionGuid = {EDDB3738-1D31-409F-999D-CC110B05B8B7}
	EndGlobalSection
EndGlobal
